
Microsoft Visual Studio Solution File, Format Version 12.00
# Visual Studio Version 17
VisualStudioVersion = 17.4.33122.133
MinimumVisualStudioVersion = 10.0.40219.1
Project("{9A19103F-16F7-4668-BE54-9A1E7A4F7556}") = "sn-aspreact", "sn-aspreact.csproj", "{B5B8C9F6-C663-48C4-A2F7-F031B88BC7DC}"
EndProject
Global
	GlobalSection(SolutionConfigurationPlatforms) = preSolution
		Debug|Any CPU = Debug|Any CPU
		Release|Any CPU = Release|Any CPU
	EndGlobalSection
	GlobalSection(ProjectConfigurationPlatforms) = postSolution
		{B5B8C9F6-C663-48C4-A2F7-F031B88BC7DC}.Debug|Any CPU.ActiveCfg = Debug|Any CPU
		{B5B8C9F6-C663-48C4-A2F7-F031B88BC7DC}.Debug|Any CPU.Build.0 = Debug|Any CPU
		{B5B8C9F6-C663-48C4-A2F7-F031B88BC7DC}.Release|Any CPU.ActiveCfg = Release|Any CPU
		{B5B8C9F6-C663-48C4-A2F7-F031B88BC7DC}.Release|Any CPU.Build.0 = Release|Any CPU
	EndGlobalSection
	GlobalSection(SolutionProperties) = preSolution
		HideSolutionNode = FALSE
	EndGlobalSection
	GlobalSection(ExtensibilityGlobals) = postSolution
		SolutionGuid = {0DA3051F-EF26-450E-B510-9BB315D36A42}
	EndGlobalSection
EndGlobal
